
Microsoft Visual Studio Solution File, Format Version 12.00
# Visual Studio 15
VisualStudioVersion = 15.0.28010.2019
MinimumVisualStudioVersion = 10.0.40219.1
Project("{FAE04EC0-301F-11D3-BF4B-00C04F79EFBC}") = "DvachLib", "DvachLib\DvachLib.csproj", "{3D403D84-9054-45AB-A7A3-F7BE5A8191C5}"
EndProject
Global
	GlobalSection(SolutionConfigurationPlatforms) = preSolution
		Debug|Any CPU = Debug|Any CPU
		Release|Any CPU = Release|Any CPU
	EndGlobalSection
	GlobalSection(ProjectConfigurationPlatforms) = postSolution
		{3D403D84-9054-45AB-A7A3-F7BE5A8191C5}.Debug|Any CPU.ActiveCfg = Debug|Any CPU
		{3D403D84-9054-45AB-A7A3-F7BE5A8191C5}.Debug|Any CPU.Build.0 = Debug|Any CPU
		{3D403D84-9054-45AB-A7A3-F7BE5A8191C5}.Release|Any CPU.ActiveCfg = Release|Any CPU
		{3D403D84-9054-45AB-A7A3-F7BE5A8191C5}.Release|Any CPU.Build.0 = Release|Any CPU
	EndGlobalSection
	GlobalSection(SolutionProperties) = preSolution
		HideSolutionNode = FALSE
	EndGlobalSection
	GlobalSection(ExtensibilityGlobals) = postSolution
		SolutionGuid = {FDFF2382-F3F2-4C65-8E2A-B183A1D0D538}
	EndGlobalSection
EndGlobal
